// !$*UTF8*$!
{
	archiveVersion = 1;
	classes = {
	};
	objectVersion = 56;
	objects = {

/* Begin PBXBuildFile section */
		B2A3B1E12A51F8CD0090DA56 /* AppDelegate.swift in Sources */ = {isa = PBXBuildFile; fileRef = B2A3B1E02A51F8CD0090DA56 /* AppDelegate.swift */; };
		B2A3B1E32A51F8CD0090DA56 /* SceneDelegate.swift in Sources */ = {isa = PBXBuildFile; fileRef = B2A3B1E22A51F8CD0090DA56 /* SceneDelegate.swift */; };
		B2A3B1E52A51F8CD0090DA56 /* ViewController.swift in Sources */ = {isa = PBXBuildFile; fileRef = B2A3B1E42A51F8CD0090DA56 /* ViewController.swift */; };
		B2A3B1E82A51F8CD0090DA56 /* Main.storyboard in Resources */ = {isa = PBXBuildFile; fileRef = B2A3B1E62A51F8CD0090DA56 /* Main.storyboard */; };
		B2A3B1EA2A51F8CE0090DA56 /* Assets.xcassets in Resources */ = {isa = PBXBuildFile; fileRef = B2A3B1E92A51F8CE0090DA56 /* Assets.xcassets */; };
		B2A3B1ED2A51F8CE0090DA56 /* LaunchScreen.storyboard in Resources */ = {isa = PBXBuildFile; fileRef = B2A3B1EB2A51F8CE0090DA56 /* LaunchScreen.storyboard */; };
		B2A3B1F82A51F8CE0090DA56 /* LocationDemoTests.swift in Sources */ = {isa = PBXBuildFile; fileRef = B2A3B1F72A51F8CE0090DA56 /* LocationDemoTests.swift */; };
		B2A3B2022A51F8CE0090DA56 /* LocationDemoUITests.swift in Sources */ = {isa = PBXBuildFile; fileRef = B2A3B2012A51F8CE0090DA56 /* LocationDemoUITests.swift */; };
		B2A3B2042A51F8CE0090DA56 /* LocationDemoUITestsLaunchTests.swift in Sources */ = {isa = PBXBuildFile; fileRef = B2A3B2032A51F8CE0090DA56 /* LocationDemoUITestsLaunchTests.swift */; };
/* End PBXBuildFile section */

/* Begin PBXContainerItemProxy section */
		B2A3B1F42A51F8CE0090DA56 /* PBXContainerItemProxy */ = {
			isa = PBXContainerItemProxy;
			containerPortal = B2A3B1D52A51F8CD0090DA56 /* Project object */;
			proxyType = 1;
			remoteGlobalIDString = B2A3B1DC2A51F8CD0090DA56;
			remoteInfo = LocationDemo;
		};
		B2A3B1FE2A51F8CE0090DA56 /* PBXContainerItemProxy */ = {
			isa = PBXContainerItemProxy;
			containerPortal = B2A3B1D52A51F8CD0090DA56 /* Project object */;
			proxyType = 1;
			remoteGlobalIDString = B2A3B1DC2A51F8CD0090DA56;
			remoteInfo = LocationDemo;
		};
/* End PBXContainerItemProxy section */

/* Begin PBXFileReference section */
		B2A3B1DD2A51F8CD0090DA56 /* LocationDemo.app */ = {isa = PBXFileReference; explicitFileType = wrapper.application; includeInIndex = 0; path = LocationDemo.app; sourceTree = BUILT_PRODUCTS_DIR; };
		B2A3B1E02A51F8CD0090DA56 /* AppDelegate.swift */ = {isa = PBXFileReference; lastKnownFileType = sourcecode.swift; path = AppDelegate.swift; sourceTree = "<group>"; };
		B2A3B1E22A51F8CD0090DA56 /* SceneDelegate.swift */ = {isa = PBXFileReference; lastKnownFileType = sourcecode.swift; path = SceneDelegate.swift; sourceTree = "<group>"; };
		B2A3B1E42A51F8CD0090DA56 /* ViewController.swift */ = {isa = PBXFileReference; lastKnownFileType = sourcecode.swift; path = ViewController.swift; sourceTree = "<group>"; };
		B2A3B1E72A51F8CD0090DA56 /* Base */ = {isa = PBXFileReference; lastKnownFileType = file.storyboard; name = Base; path = Base.lproj/Main.storyboard; sourceTree = "<group>"; };
		B2A3B1E92A51F8CE0090DA56 /* Assets.xcassets */ = {isa = PBXFileReference; lastKnownFileType = folder.assetcatalog; path = Assets.xcassets; sourceTree = "<group>"; };
		B2A3B1EC2A51F8CE0090DA56 /* Base */ = {isa = PBXFileReference; lastKnownFileType = file.storyboard; name = Base; path = Base.lproj/LaunchScreen.storyboard; sourceTree = "<group>"; };
		B2A3B1EE2A51F8CE0090DA56 /* Info.plist */ = {isa = PBXFileReference; lastKnownFileType = text.plist.xml; path = Info.plist; sourceTree = "<group>"; };
		B2A3B1F32A51F8CE0090DA56 /* LocationDemoTests.xctest */ = {isa = PBXFileReference; explicitFileType = wrapper.cfbundle; includeInIndex = 0; path = LocationDemoTests.xctest; sourceTree = BUILT_PRODUCTS_DIR; };
		B2A3B1F72A51F8CE0090DA56 /* LocationDemoTests.swift */ = {isa = PBXFileReference; lastKnownFileType = sourcecode.swift; path = LocationDemoTests.swift; sourceTree = "<group>"; };
		B2A3B1FD2A51F8CE0090DA56 /* LocationDemoUITests.xctest */ = {isa = PBXFileReference; explicitFileType = wrapper.cfbundle; includeInIndex = 0; path = LocationDemoUITests.xctest; sourceTree = BUILT_PRODUCTS_DIR; };
		B2A3B2012A51F8CE0090DA56 /* LocationDemoUITests.swift */ = {isa = PBXFileReference; lastKnownFileType = sourcecode.swift; path = LocationDemoUITests.swift; sourceTree = "<group>"; };
		B2A3B2032A51F8CE0090DA56 /* LocationDemoUITestsLaunchTests.swift */ = {isa = PBXFileReference; lastKnownFileType = sourcecode.swift; path = LocationDemoUITestsLaunchTests.swift; sourceTree = "<group>"; };
/* End PBXFileReference section */

/* Begin PBXFrameworksBuildPhase section */
		B2A3B1DA2A51F8CD0090DA56 /* Frameworks */ = {
			isa = PBXFrameworksBuildPhase;
			buildActionMask = 2147483647;
			files = (
			);
			runOnlyForDeploymentPostprocessing = 0;
		};
		B2A3B1F02A51F8CE0090DA56 /* Frameworks */ = {
			isa = PBXFrameworksBuildPhase;
			buildActionMask = 2147483647;
			files = (
			);
			runOnlyForDeploymentPostprocessing = 0;
		};
		B2A3B1FA2A51F8CE0090DA56 /* Frameworks */ = {
			isa = PBXFrameworksBuildPhase;
			buildActionMask = 2147483647;
			files = (
			);
			runOnlyForDeploymentPostprocessing = 0;
		};
/* End PBXFrameworksBuildPhase section */

/* Begin PBXGroup section */
		B2A3B1D42A51F8CD0090DA56 = {
			isa = PBXGroup;
			children = (
				B2A3B1DF2A51F8CD0090DA56 /* LocationDemo */,
				B2A3B1F62A51F8CE0090DA56 /* LocationDemoTests */,
				B2A3B2002A51F8CE0090DA56 /* LocationDemoUITests */,
				B2A3B1DE2A51F8CD0090DA56 /* Products */,
			);
			sourceTree = "<group>";
		};
		B2A3B1DE2A51F8CD0090DA56 /* Products */ = {
			isa = PBXGroup;
			children = (
				B2A3B1DD2A51F8CD0090DA56 /* LocationDemo.app */,
				B2A3B1F32A51F8CE0090DA56 /* LocationDemoTests.xctest */,
				B2A3B1FD2A51F8CE0090DA56 /* LocationDemoUITests.xctest */,
			);
			name = Products;
			sourceTree = "<group>";
		};
		B2A3B1DF2A51F8CD0090DA56 /* LocationDemo */ = {
			isa = PBXGroup;
			children = (
				B2A3B1E02A51F8CD0090DA56 /* AppDelegate.swift */,
				B2A3B1E22A51F8CD0090DA56 /* SceneDelegate.swift */,
				B2A3B1E42A51F8CD0090DA56 /* ViewController.swift */,
				B2A3B1E62A51F8CD0090DA56 /* Main.storyboard */,
				B2A3B1E92A51F8CE0090DA56 /* Assets.xcassets */,
				B2A3B1EB2A51F8CE0090DA56 /* LaunchScreen.storyboard */,
				B2A3B1EE2A51F8CE0090DA56 /* Info.plist */,
			);
			path = LocationDemo;
			sourceTree = "<group>";
		};
		B2A3B1F62A51F8CE0090DA56 /* LocationDemoTests */ = {
			isa = PBXGroup;
			children = (
				B2A3B1F72A51F8CE0090DA56 /* LocationDemoTests.swift */,
			);
			path = LocationDemoTests;
			sourceTree = "<group>";
		};
		B2A3B2002A51F8CE0090DA56 /* LocationDemoUITests */ = {
			isa = PBXGroup;
			children = (
				B2A3B2012A51F8CE0090DA56 /* LocationDemoUITests.swift */,
				B2A3B2032A51F8CE0090DA56 /* LocationDemoUITestsLaunchTests.swift */,
			);
			path = LocationDemoUITests;
			sourceTree = "<group>";
		};
/* End PBXGroup section */

/* Begin PBXNativeTarget section */
		B2A3B1DC2A51F8CD0090DA56 /* LocationDemo */ = {
			isa = PBXNativeTarget;
			buildConfigurationList = B2A3B2072A51F8CE0090DA56 /* Build configuration list for PBXNativeTarget "LocationDemo" */;
			buildPhases = (
				B2A3B1D92A51F8CD0090DA56 /* Sources */,
				B2A3B1DA2A51F8CD0090DA56 /* Frameworks */,
				B2A3B1DB2A51F8CD0090DA56 /* Resources */,
			);
			buildRules = (
			);
			dependencies = (
			);
			name = LocationDemo;
			productName = LocationDemo;
			productReference = B2A3B1DD2A51F8CD0090DA56 /* LocationDemo.app */;
			productType = "com.apple.product-type.application";
		};
		B2A3B1F22A51F8CE0090DA56 /* LocationDemoTests */ = {
			isa = PBXNativeTarget;
			buildConfigurationList = B2A3B20A2A51F8CE0090DA56 /* Build configuration list for PBXNativeTarget "LocationDemoTests" */;
			buildPhases = (
				B2A3B1EF2A51F8CE0090DA56 /* Sources */,
				B2A3B1F02A51F8CE0090DA56 /* Frameworks */,
				B2A3B1F12A51F8CE0090DA56 /* Resources */,
			);
			buildRules = (
			);
			dependencies = (
				B2A3B1F52A51F8CE0090DA56 /* PBXTargetDependency */,
			);
			name = LocationDemoTests;
			productName = LocationDemoTests;
			productReference = B2A3B1F32A51F8CE0090DA56 /* LocationDemoTests.xctest */;
			productType = "com.apple.product-type.bundle.unit-test";
		};
		B2A3B1FC2A51F8CE0090DA56 /* LocationDemoUITests */ = {
			isa = PBXNativeTarget;
			buildConfigurationList = B2A3B20D2A51F8CE0090DA56 /* Build configuration list for PBXNativeTarget "LocationDemoUITests" */;
			buildPhases = (
				B2A3B1F92A51F8CE0090DA56 /* Sources */,
				B2A3B1FA2A51F8CE0090DA56 /* Frameworks */,
				B2A3B1FB2A51F8CE0090DA56 /* Resources */,
			);
			buildRules = (
			);
			dependencies = (
				B2A3B1FF2A51F8CE0090DA56 /* PBXTargetDependency */,
			);
			name = LocationDemoUITests;
			productName = LocationDemoUITests;
			productReference = B2A3B1FD2A51F8CE0090DA56 /* LocationDemoUITests.xctest */;
			productType = "com.apple.product-type.bundle.ui-testing";
		};
/* End PBXNativeTarget section */

/* Begin PBXProject section */
		B2A3B1D52A51F8CD0090DA56 /* Project object */ = {
			isa = PBXProject;
			attributes = {
				BuildIndependentTargetsInParallel = 1;
				LastSwiftUpdateCheck = 1430;
				LastUpgradeCheck = 1430;
				TargetAttributes = {
					B2A3B1DC2A51F8CD0090DA56 = {
						CreatedOnToolsVersion = 14.3;
					};
					B2A3B1F22A51F8CE0090DA56 = {
						CreatedOnToolsVersion = 14.3;
						TestTargetID = B2A3B1DC2A51F8CD0090DA56;
					};
					B2A3B1FC2A51F8CE0090DA56 = {
						CreatedOnToolsVersion = 14.3;
						TestTargetID = B2A3B1DC2A51F8CD0090DA56;
					};
				};
			};
			buildConfigurationList = B2A3B1D82A51F8CD0090DA56 /* Build configuration list for PBXProject "LocationDemo" */;
			compatibilityVersion = "Xcode 14.0";
			developmentRegion = en;
			hasScannedForEncodings = 0;
			knownRegions = (
				en,
				Base,
			);
			mainGroup = B2A3B1D42A51F8CD0090DA56;
			productRefGroup = B2A3B1DE2A51F8CD0090DA56 /* Products */;
			projectDirPath = "";
			projectRoot = "";
			targets = (
				B2A3B1DC2A51F8CD0090DA56 /* LocationDemo */,
				B2A3B1F22A51F8CE0090DA56 /* LocationDemoTests */,
				B2A3B1FC2A51F8CE0090DA56 /* LocationDemoUITests */,
			);
		};
/* End PBXProject section */

/* Begin PBXResourcesBuildPhase section */
		B2A3B1DB2A51F8CD0090DA56 /* Resources */ = {
			isa = PBXResourcesBuildPhase;
			buildActionMask = 2147483647;
			files = (
				B2A3B1ED2A51F8CE0090DA56 /* LaunchScreen.storyboard in Resources */,
				B2A3B1EA2A51F8CE0090DA56 /* Assets.xcassets in Resources */,
				B2A3B1E82A51F8CD0090DA56 /* Main.storyboard in Resources */,
			);
			runOnlyForDeploymentPostprocessing = 0;
		};
		B2A3B1F12A51F8CE0090DA56 /* Resources */ = {
			isa = PBXResourcesBuildPhase;
			buildActionMask = 2147483647;
			files = (
			);
			runOnlyForDeploymentPostprocessing = 0;
		};
		B2A3B1FB2A51F8CE0090DA56 /* Resources */ = {
			isa = PBXResourcesBuildPhase;
			buildActionMask = 2147483647;
			files = (
			);
			runOnlyForDeploymentPostprocessing = 0;
		};
/* End PBXResourcesBuildPhase section */

/* Begin PBXSourcesBuildPhase section */
		B2A3B1D92A51F8CD0090DA56 /* Sources */ = {
			isa = PBXSourcesBuildPhase;
			buildActionMask = 2147483647;
			files = (
				B2A3B1E52A51F8CD0090DA56 /* ViewController.swift in Sources */,
				B2A3B1E12A51F8CD0090DA56 /* AppDelegate.swift in Sources */,
				B2A3B1E32A51F8CD0090DA56 /* SceneDelegate.swift in Sources */,
			);
			runOnlyForDeploymentPostprocessing = 0;
		};
		B2A3B1EF2A51F8CE0090DA56 /* Sources */ = {
			isa = PBXSourcesBuildPhase;
			buildActionMask = 2147483647;
			files = (
				B2A3B1F82A51F8CE0090DA56 /* LocationDemoTests.swift in Sources */,
			);
			runOnlyForDeploymentPostprocessing = 0;
		};
		B2A3B1F92A51F8CE0090DA56 /* Sources */ = {
			isa = PBXSourcesBuildPhase;
			buildActionMask = 2147483647;
			files = (
				B2A3B2042A51F8CE0090DA56 /* LocationDemoUITestsLaunchTests.swift in Sources */,
				B2A3B2022A51F8CE0090DA56 /* LocationDemoUITests.swift in Sources */,
			);
			runOnlyForDeploymentPostprocessing = 0;
		};
/* End PBXSourcesBuildPhase section */

/* Begin PBXTargetDependency section */
		B2A3B1F52A51F8CE0090DA56 /* PBXTargetDependency */ = {
			isa = PBXTargetDependency;
			target = B2A3B1DC2A51F8CD0090DA56 /* LocationDemo */;
			targetProxy = B2A3B1F42A51F8CE0090DA56 /* PBXContainerItemProxy */;
		};
		B2A3B1FF2A51F8CE0090DA56 /* PBXTargetDependency */ = {
			isa = PBXTargetDependency;
			target = B2A3B1DC2A51F8CD0090DA56 /* LocationDemo */;
			targetProxy = B2A3B1FE2A51F8CE0090DA56 /* PBXContainerItemProxy */;
		};
/* End PBXTargetDependency section */

/* Begin PBXVariantGroup section */
		B2A3B1E62A51F8CD0090DA56 /* Main.storyboard */ = {
			isa = PBXVariantGroup;
			children = (
				B2A3B1E72A51F8CD0090DA56 /* Base */,
			);
			name = Main.storyboard;
			sourceTree = "<group>";
		};
		B2A3B1EB2A51F8CE0090DA56 /* LaunchScreen.storyboard */ = {
			isa = PBXVariantGroup;
			children = (
				B2A3B1EC2A51F8CE0090DA56 /* Base */,
			);
			name = LaunchScreen.storyboard;
			sourceTree = "<group>";
		};
/* End PBXVariantGroup section */

/* Begin XCBuildConfiguration section */
		B2A3B2052A51F8CE0090DA56 /* Debug */ = {
			isa = XCBuildConfiguration;
			buildSettings = {
				ALWAYS_SEARCH_USER_PATHS = NO;
				CLANG_ANALYZER_NONNULL = YES;
				CLANG_ANALYZER_NUMBER_OBJECT_CONVERSION = YES_AGGRESSIVE;
				CLANG_CXX_LANGUAGE_STANDARD = "gnu++20";
				CLANG_ENABLE_MODULES = YES;
				CLANG_ENABLE_OBJC_ARC = YES;
				CLANG_ENABLE_OBJC_WEAK = YES;
				CLANG_WARN_BLOCK_CAPTURE_AUTORELEASING = YES;
				CLANG_WARN_BOOL_CONVERSION = YES;
				CLANG_WARN_COMMA = YES;
				CLANG_WARN_CONSTANT_CONVERSION = YES;
				CLANG_WARN_DEPRECATED_OBJC_IMPLEMENTATIONS = YES;
				CLANG_WARN_DIRECT_OBJC_ISA_USAGE = YES_ERROR;
				CLANG_WARN_DOCUMENTATION_COMMENTS = YES;
				CLANG_WARN_EMPTY_BODY = YES;
				CLANG_WARN_ENUM_CONVERSION = YES;
				CLANG_WARN_INFINITE_RECURSION = YES;
				CLANG_WARN_INT_CONVERSION = YES;
				CLANG_WARN_NON_LITERAL_NULL_CONVERSION = YES;
				CLANG_WARN_OBJC_IMPLICIT_RETAIN_SELF = YES;
				CLANG_WARN_OBJC_LITERAL_CONVERSION = YES;
				CLANG_WARN_OBJC_ROOT_CLASS = YES_ERROR;
				CLANG_WARN_QUOTED_INCLUDE_IN_FRAMEWORK_HEADER = YES;
				CLANG_WARN_RANGE_LOOP_ANALYSIS = YES;
				CLANG_WARN_STRICT_PROTOTYPES = YES;
				CLANG_WARN_SUSPICIOUS_MOVE = YES;
				CLANG_WARN_UNGUARDED_AVAILABILITY = YES_AGGRESSIVE;
				CLANG_WARN_UNREACHABLE_CODE = YES;
				CLANG_WARN__DUPLICATE_METHOD_MATCH = YES;
				COPY_PHASE_STRIP = NO;
				DEBUG_INFORMATION_FORMAT = dwarf;
				ENABLE_STRICT_OBJC_MSGSEND = YES;
				ENABLE_TESTABILITY = YES;
				GCC_C_LANGUAGE_STANDARD = gnu11;
				GCC_DYNAMIC_NO_PIC = NO;
				GCC_NO_COMMON_BLOCKS = YES;
				GCC_OPTIMIZATION_LEVEL = 0;
				GCC_PREPROCESSOR_DEFINITIONS = (
					"DEBUG=1",
					"$(inherited)",
				);
				GCC_WARN_64_TO_32_BIT_CONVERSION = YES;
				GCC_WARN_ABOUT_RETURN_TYPE = YES_ERROR;
				GCC_WARN_UNDECLARED_SELECTOR = YES;
				GCC_WARN_UNINITIALIZED_AUTOS = YES_AGGRESSIVE;
				GCC_WARN_UNUSED_FUNCTION = YES;
				GCC_WARN_UNUSED_VARIABLE = YES;
				IPHONEOS_DEPLOYMENT_TARGET = 16.4;
				MTL_ENABLE_DEBUG_INFO = INCLUDE_SOURCE;
				MTL_FAST_MATH = YES;
				ONLY_ACTIVE_ARCH = YES;
				SDKROOT = iphoneos;
				SWIFT_ACTIVE_COMPILATION_CONDITIONS = DEBUG;
				SWIFT_OPTIMIZATION_LEVEL = "-Onone";
			};
			name = Debug;
		};
		B2A3B2062A51F8CE0090DA56 /* Release */ = {
			isa = XCBuildConfiguration;
			buildSettings = {
				ALWAYS_SEARCH_USER_PATHS = NO;
				CLANG_ANALYZER_NONNULL = YES;
				CLANG_ANALYZER_NUMBER_OBJECT_CONVERSION = YES_AGGRESSIVE;
				CLANG_CXX_LANGUAGE_STANDARD = "gnu++20";
				CLANG_ENABLE_MODULES = YES;
				CLANG_ENABLE_OBJC_ARC = YES;
				CLANG_ENABLE_OBJC_WEAK = YES;
				CLANG_WARN_BLOCK_CAPTURE_AUTORELEASING = YES;
				CLANG_WARN_BOOL_CONVERSION = YES;
				CLANG_WARN_COMMA = YES;
				CLANG_WARN_CONSTANT_CONVERSION = YES;
				CLANG_WARN_DEPRECATED_OBJC_IMPLEMENTATIONS = YES;
				CLANG_WARN_DIRECT_OBJC_ISA_USAGE = YES_ERROR;
				CLANG_WARN_DOCUMENTATION_COMMENTS = YES;
				CLANG_WARN_EMPTY_BODY = YES;
				CLANG_WARN_ENUM_CONVERSION = YES;
				CLANG_WARN_INFINITE_RECURSION = YES;
				CLANG_WARN_INT_CONVERSION = YES;
				CLANG_WARN_NON_LITERAL_NULL_CONVERSION = YES;
				CLANG_WARN_OBJC_IMPLICIT_RETAIN_SELF = YES;
				CLANG_WARN_OBJC_LITERAL_CONVERSION = YES;
				CLANG_WARN_OBJC_ROOT_CLASS = YES_ERROR;
				CLANG_WARN_QUOTED_INCLUDE_IN_FRAMEWORK_HEADER = YES;
				CLANG_WARN_RANGE_LOOP_ANALYSIS = YES;
				CLANG_WARN_STRICT_PROTOTYPES = YES;
				CLANG_WARN_SUSPICIOUS_MOVE = YES;
				CLANG_WARN_UNGUARDED_AVAILABILITY = YES_AGGRESSIVE;
				CLANG_WARN_UNREACHABLE_CODE = YES;
				CLANG_WARN__DUPLICATE_METHOD_MATCH = YES;
				COPY_PHASE_STRIP = NO;
				DEBUG_INFORMATION_FORMAT = "dwarf-with-dsym";
				ENABLE_NS_ASSERTIONS = NO;
				ENABLE_STRICT_OBJC_MSGSEND = YES;
				GCC_C_LANGUAGE_STANDARD = gnu11;
				GCC_NO_COMMON_BLOCKS = YES;
				GCC_WARN_64_TO_32_BIT_CONVERSION = YES;
				GCC_WARN_ABOUT_RETURN_TYPE = YES_ERROR;
				GCC_WARN_UNDECLARED_SELECTOR = YES;
				GCC_WARN_UNINITIALIZED_AUTOS = YES_AGGRESSIVE;
				GCC_WARN_UNUSED_FUNCTION = YES;
				GCC_WARN_UNUSED_VARIABLE = YES;
				IPHONEOS_DEPLOYMENT_TARGET = 16.4;
				MTL_ENABLE_DEBUG_INFO = NO;
				MTL_FAST_MATH = YES;
				SDKROOT = iphoneos;
				SWIFT_COMPILATION_MODE = wholemodule;
				SWIFT_OPTIMIZATION_LEVEL = "-O";
				VALIDATE_PRODUCT = YES;
			};
			name = Release;
		};
		B2A3B2082A51F8CE0090DA56 /* Debug */ = {
			isa = XCBuildConfiguration;
			buildSettings = {
				ASSETCATALOG_COMPILER_APPICON_NAME = AppIcon;
				ASSETCATALOG_COMPILER_GLOBAL_ACCENT_COLOR_NAME = AccentColor;
				CODE_SIGN_STYLE = Automatic;
				CURRENT_PROJECT_VERSION = 1;
				GENERATE_INFOPLIST_FILE = YES;
				INFOPLIST_FILE = LocationDemo/Info.plist;
				INFOPLIST_KEY_UIApplicationSupportsIndirectInputEvents = YES;
				INFOPLIST_KEY_UILaunchStoryboardName = LaunchScreen;
				INFOPLIST_KEY_UIMainStoryboardFile = Main;
				INFOPLIST_KEY_UISupportedInterfaceOrientations_iPad = "UIInterfaceOrientationPortrait UIInterfaceOrientationPortraitUpsideDown UIInterfaceOrientationLandscapeLeft UIInterfaceOrientationLandscapeRight";
				INFOPLIST_KEY_UISupportedInterfaceOrientations_iPhone = "UIInterfaceOrientationPortrait UIInterfaceOrientationLandscapeLeft UIInterfaceOrientationLandscapeRight";
				LD_RUNPATH_SEARCH_PATHS = (
					"$(inherited)",
					"@executable_path/Frameworks",
				);
				MARKETING_VERSION = 1.0;
				PRODUCT_BUNDLE_IDENTIFIER = com.petertrost.LocationDemo;
				PRODUCT_NAME = "$(TARGET_NAME)";
				SWIFT_EMIT_LOC_STRINGS = YES;
				SWIFT_VERSION = 5.0;
				TARGETED_DEVICE_FAMILY = "1,2";
			};
			name = Debug;
		};
		B2A3B2092A51F8CE0090DA56 /* Release */ = {
			isa = XCBuildConfiguration;
			buildSettings = {
				ASSETCATALOG_COMPILER_APPICON_NAME = AppIcon;
				ASSETCATALOG_COMPILER_GLOBAL_ACCENT_COLOR_NAME = AccentColor;
				CODE_SIGN_STYLE = Automatic;
				CURRENT_PROJECT_VERSION = 1;
				GENERATE_INFOPLIST_FILE = YES;
				INFOPLIST_FILE = LocationDemo/Info.plist;
				INFOPLIST_KEY_UIApplicationSupportsIndirectInputEvents = YES;
				INFOPLIST_KEY_UILaunchStoryboardName = LaunchScreen;
				INFOPLIST_KEY_UIMainStoryboardFile = Main;
				INFOPLIST_KEY_UISupportedInterfaceOrientations_iPad = "UIInterfaceOrientationPortrait UIInterfaceOrientationPortraitUpsideDown UIInterfaceOrientationLandscapeLeft UIInterfaceOrientationLandscapeRight";
				INFOPLIST_KEY_UISupportedInterfaceOrientations_iPhone = "UIInterfaceOrientationPortrait UIInterfaceOrientationLandscapeLeft UIInterfaceOrientationLandscapeRight";
				LD_RUNPATH_SEARCH_PATHS = (
					"$(inherited)",
					"@executable_path/Frameworks",
				);
				MARKETING_VERSION = 1.0;
				PRODUCT_BUNDLE_IDENTIFIER = com.petertrost.LocationDemo;
				PRODUCT_NAME = "$(TARGET_NAME)";
				SWIFT_EMIT_LOC_STRINGS = YES;
				SWIFT_VERSION = 5.0;
				TARGETED_DEVICE_FAMILY = "1,2";
			};
			name = Release;
		};
		B2A3B20B2A51F8CE0090DA56 /* Debug */ = {
			isa = XCBuildConfiguration;
			buildSettings = {
				ALWAYS_EMBED_SWIFT_STANDARD_LIBRARIES = YES;
				BUNDLE_LOADER = "$(TEST_HOST)";
				CODE_SIGN_STYLE = Automatic;
				CURRENT_PROJECT_VERSION = 1;
				GENERATE_INFOPLIST_FILE = YES;
				IPHONEOS_DEPLOYMENT_TARGET = 16.4;
				MARKETING_VERSION = 1.0;
				PRODUCT_BUNDLE_IDENTIFIER = com.petertrost.LocationDemoTests;
				PRODUCT_NAME = "$(TARGET_NAME)";
				SWIFT_EMIT_LOC_STRINGS = NO;
				SWIFT_VERSION = 5.0;
				TARGETED_DEVICE_FAMILY = "1,2";
				TEST_HOST = "$(BUILT_PRODUCTS_DIR)/LocationDemo.app/$(BUNDLE_EXECUTABLE_FOLDER_PATH)/LocationDemo";
			};
			name = Debug;
		};
		B2A3B20C2A51F8CE0090DA56 /* Release */ = {
			isa = XCBuildConfiguration;
			buildSettings = {
				ALWAYS_EMBED_SWIFT_STANDARD_LIBRARIES = YES;
				BUNDLE_LOADER = "$(TEST_HOST)";
				CODE_SIGN_STYLE = Automatic;
				CURRENT_PROJECT_VERSION = 1;
				GENERATE_INFOPLIST_FILE = YES;
				IPHONEOS_DEPLOYMENT_TARGET = 16.4;
				MARKETING_VERSION = 1.0;
				PRODUCT_BUNDLE_IDENTIFIER = com.petertrost.LocationDemoTests;
				PRODUCT_NAME = "$(TARGET_NAME)";
				SWIFT_EMIT_LOC_STRINGS = NO;
				SWIFT_VERSION = 5.0;
				TARGETED_DEVICE_FAMILY = "1,2";
				TEST_HOST = "$(BUILT_PRODUCTS_DIR)/LocationDemo.app/$(BUNDLE_EXECUTABLE_FOLDER_PATH)/LocationDemo";
			};
			name = Release;
		};
		B2A3B20E2A51F8CE0090DA56 /* Debug */ = {
			isa = XCBuildConfiguration;
			buildSettings = {
				ALWAYS_EMBED_SWIFT_STANDARD_LIBRARIES = YES;
				CODE_SIGN_STYLE = Automatic;
				CURRENT_PROJECT_VERSION = 1;
				GENERATE_INFOPLIST_FILE = YES;
				MARKETING_VERSION = 1.0;
				PRODUCT_BUNDLE_IDENTIFIER = com.petertrost.LocationDemoUITests;
				PRODUCT_NAME = "$(TARGET_NAME)";
				SWIFT_EMIT_LOC_STRINGS = NO;
				SWIFT_VERSION = 5.0;
				TARGETED_DEVICE_FAMILY = "1,2";
				TEST_TARGET_NAME = LocationDemo;
			};
			name = Debug;
		};
		B2A3B20F2A51F8CE0090DA56 /* Release */ = {
			isa = XCBuildConfiguration;
			buildSettings = {
				ALWAYS_EMBED_SWIFT_STANDARD_LIBRARIES = YES;
				CODE_SIGN_STYLE = Automatic;
				CURRENT_PROJECT_VERSION = 1;
				GENERATE_INFOPLIST_FILE = YES;
				MARKETING_VERSION = 1.0;
				PRODUCT_BUNDLE_IDENTIFIER = com.petertrost.LocationDemoUITests;
				PRODUCT_NAME = "$(TARGET_NAME)";
				SWIFT_EMIT_LOC_STRINGS = NO;
				SWIFT_VERSION = 5.0;
				TARGETED_DEVICE_FAMILY = "1,2";
				TEST_TARGET_NAME = LocationDemo;
			};
			name = Release;
		};
/* End XCBuildConfiguration section */

/* Begin XCConfigurationList section */
		B2A3B1D82A51F8CD0090DA56 /* Build configuration list for PBXProject "LocationDemo" */ = {
			isa = XCConfigurationList;
			buildConfigurations = (
				B2A3B2052A51F8CE0090DA56 /* Debug */,
				B2A3B2062A51F8CE0090DA56 /* Release */,
			);
			defaultConfigurationIsVisible = 0;
			defaultConfigurationName = Release;
		};
		B2A3B2072A51F8CE0090DA56 /* Build configuration list for PBXNativeTarget "LocationDemo" */ = {
			isa = XCConfigurationList;
			buildConfigurations = (
				B2A3B2082A51F8CE0090DA56 /* Debug */,
				B2A3B2092A51F8CE0090DA56 /* Release */,
			);
			defaultConfigurationIsVisible = 0;
			defaultConfigurationName = Release;
		};
		B2A3B20A2A51F8CE0090DA56 /* Build configuration list for PBXNativeTarget "LocationDemoTests" */ = {
			isa = XCConfigurationList;
			buildConfigurations = (
				B2A3B20B2A51F8CE0090DA56 /* Debug */,
				B2A3B20C2A51F8CE0090DA56 /* Release */,
			);
			defaultConfigurationIsVisible = 0;
			defaultConfigurationName = Release;
		};
		B2A3B20D2A51F8CE0090DA56 /* Build configuration list for PBXNativeTarget "LocationDemoUITests" */ = {
			isa = XCConfigurationList;
			buildConfigurations = (
				B2A3B20E2A51F8CE0090DA56 /* Debug */,
				B2A3B20F2A51F8CE0090DA56 /* Release */,
			);
			defaultConfigurationIsVisible = 0;
			defaultConfigurationName = Release;
		};
/* End XCConfigurationList section */
	};
	rootObject = B2A3B1D52A51F8CD0090DA56 /* Project object */;
}
